<?xml version="1.0" encoding="utf-8"?>
<Project ToolsVersion="4.0" xmlns="http://schemas.microsoft.com/developer/msbuild/2003">
  <ItemGroup>
    <Filter Include="Source Files">
      <UniqueIdentifier>{4FC737F1-C7A5-4376-A066-2A32D752A2FF}</UniqueIdentifier>
      <Extensions>cpp;c;cc;cxx;def;odl;idl;hpj;bat;asm;asmx</Extensions>
    </Filter>
    <Filter Include="Header Files">
      <UniqueIdentifier>{93995380-89BD-4b04-88EB-625FBE52EBFB}</UniqueIdentifier>
      <Extensions>h;hpp;hxx;hm;inl;inc;xsd</Extensions>
    </Filter>
    <Filter Include="Resource Files">
      <UniqueIdentifier>{67DA6AB6-F800-4c08-8B7A-83BB121AAD01}</UniqueIdentifier>
      <Extensions>rc;ico;cur;bmp;dlg;rc2;rct;bin;rgs;gif;jpg;jpeg;jpe;resx;tiff;tif;png;wav;mfcribbon-ms</Extensions>
    </Filter>
  </ItemGroup>
  <ItemGroup>
    <ClInclude Include="Socket\UnixSocket.hpp">
      <Filter>Header Files</Filter>
    </ClInclude>
    <ClInclude Include="Thread\IMutex.hpp">
      <Filter>Header Files</Filter>
    </ClInclude>
    <ClInclude Include="Thread\IThread.hpp">
      <Filter>Header Files</Filter>
    </ClInclude>
    <ClInclude Include="Thread\UnixMutex.hpp">
      <Filter>Header Files</Filter>
    </ClInclude>
    <ClInclude Include="Thread\UnixThread.hpp">
      <Filter>Header Files</Filter>
    </ClInclude>
    <ClInclude Include="Thread\WinMutex.hpp">
      <Filter>Header Files</Filter>
    </ClInclude>
    <ClInclude Include="Thread\WinThread.hpp">
      <Filter>Header Files</Filter>
    </ClInclude>
    <ClInclude Include="Socket\ISocket.hpp">
      <Filter>Header Files</Filter>
    </ClInclude>
    <ClInclude Include="Socket\WinSocket.hpp">
      <Filter>Header Files</Filter>
    </ClInclude>
    <ClInclude Include="Server.hpp">
      <Filter>Header Files</Filter>
    </ClInclude>
    <ClInclude Include="Game.hpp">
      <Filter>Header Files</Filter>
    </ClInclude>
    <ClInclude Include="Player.hpp">
      <Filter>Header Files</Filter>
    </ClInclude>
    <ClInclude Include="Receive.hpp">
      <Filter>Header Files</Filter>
    </ClInclude>
    <ClInclude Include="Protocol.hpp">
      <Filter>Header Files</Filter>
    </ClInclude>
    <ClInclude Include="Command.hpp">
      <Filter>Header Files</Filter>
    </ClInclude>
    <ClInclude Include="ThreadPool_.hpp">
      <Filter>Header Files</Filter>
    </ClInclude>
    <ClInclude Include="DLL\IDynLib.hpp">
      <Filter>Header Files</Filter>
    </ClInclude>
    <ClInclude Include="DLL\LinuxDynLib.hpp">
      <Filter>Header Files</Filter>
    </ClInclude>
    <ClInclude Include="DLL\WindowsDynLib.hpp">
      <Filter>Header Files</Filter>
    </ClInclude>
    <ClInclude Include="DLL\IMonster.hpp">
      <Filter>Header Files</Filter>
    </ClInclude>
  </ItemGroup>
  <ItemGroup>
    <ClCompile Include="Thread\UnixMutex.cpp">
      <Filter>Source Files</Filter>
    </ClCompile>
    <ClCompile Include="Thread\UnixThread.cpp">
      <Filter>Source Files</Filter>
    </ClCompile>
    <ClCompile Include="Thread\WinMutex.cpp">
      <Filter>Source Files</Filter>
    </ClCompile>
    <ClCompile Include="Thread\WinThread.cpp">
      <Filter>Source Files</Filter>
    </ClCompile>
    <ClCompile Include="Socket\UnixSocket.cpp">
      <Filter>Source Files</Filter>
    </ClCompile>
    <ClCompile Include="main.cpp">
      <Filter>Source Files</Filter>
    </ClCompile>
    <ClCompile Include="Socket\WinSocket.cpp">
      <Filter>Source Files</Filter>
    </ClCompile>
    <ClCompile Include="Server.cpp">
      <Filter>Source Files</Filter>
    </ClCompile>
    <ClCompile Include="Game.cpp">
      <Filter>Source Files</Filter>
    </ClCompile>
    <ClCompile Include="Player.cpp">
      <Filter>Source Files</Filter>
    </ClCompile>
    <ClCompile Include="Command.cpp">
      <Filter>Source Files</Filter>
    </ClCompile>
    <ClCompile Include="ThreadPool_.cpp">
      <Filter>Source Files</Filter>
    </ClCompile>
    <ClCompile Include="DLL\LinuxDynLib.cpp">
      <Filter>Source Files</Filter>
    </ClCompile>
    <ClCompile Include="DLL\WindowsDynLib.cpp">
      <Filter>Source Files</Filter>
    </ClCompile>
  </ItemGroup>
</Project>